
Microsoft Visual Studio Solution File, Format Version 12.00
# Visual Studio Version 17
VisualStudioVersion = 17.3.32929.385
MinimumVisualStudioVersion = 10.0.40219.1
Project("{FAE04EC0-301F-11D3-BF4B-00C04F79EFBC}") = "FizzBuzz", "FizzBuzz.csproj", "{13488A38-7EF6-4E47-90DB-D3E54A4CD7A6}"
EndProject
Project("{FAE04EC0-301F-11D3-BF4B-00C04F79EFBC}") = "FizzBuzzTest", "..\FizzBuzzTest\FizzBuzzTest.csproj", "{277E6B02-6841-4C3E-88B7-0B2210B9459D}"
EndProject
Global
	GlobalSection(SolutionConfigurationPlatforms) = preSolution
		Debug|Any CPU = Debug|Any CPU
		Release|Any CPU = Release|Any CPU
	EndGlobalSection
	GlobalSection(ProjectConfigurationPlatforms) = postSolution
		{13488A38-7EF6-4E47-90DB-D3E54A4CD7A6}.Debug|Any CPU.ActiveCfg = Debug|Any CPU
		{13488A38-7EF6-4E47-90DB-D3E54A4CD7A6}.Debug|Any CPU.Build.0 = Debug|Any CPU
		{13488A38-7EF6-4E47-90DB-D3E54A4CD7A6}.Release|Any CPU.ActiveCfg = Release|Any CPU
		{13488A38-7EF6-4E47-90DB-D3E54A4CD7A6}.Release|Any CPU.Build.0 = Release|Any CPU
		{277E6B02-6841-4C3E-88B7-0B2210B9459D}.Debug|Any CPU.ActiveCfg = Debug|Any CPU
		{277E6B02-6841-4C3E-88B7-0B2210B9459D}.Debug|Any CPU.Build.0 = Debug|Any CPU
		{277E6B02-6841-4C3E-88B7-0B2210B9459D}.Release|Any CPU.ActiveCfg = Release|Any CPU
		{277E6B02-6841-4C3E-88B7-0B2210B9459D}.Release|Any CPU.Build.0 = Release|Any CPU
	EndGlobalSection
	GlobalSection(SolutionProperties) = preSolution
		HideSolutionNode = FALSE
	EndGlobalSection
	GlobalSection(ExtensibilityGlobals) = postSolution
		SolutionGuid = {64ECF68E-CD2D-4493-8EFF-991C580BD85F}
	EndGlobalSection
EndGlobal
